
Microsoft Visual Studio Solution File, Format Version 12.00
Project("{FAE04EC0-301F-11D3-BF4B-00C04F79EFBC}") = "Client", "Client\Client\Client.csproj", "{BF81D6AE-B7F6-43ED-A4FD-85612F6C9876}"
EndProject
Project("{FAE04EC0-301F-11D3-BF4B-00C04F79EFBC}") = "Client.Android", "Client\Client.Android\Client.Android.csproj", "{5345C0B2-DE0B-4CA7-86E8-4CD1D033CD50}"
EndProject
Project("{FAE04EC0-301F-11D3-BF4B-00C04F79EFBC}") = "Client.Browser", "Client\Client.Browser\Client.Browser.csproj", "{462000C0-E8F1-48FC-812A-FD1252CBE081}"
EndProject
Project("{FAE04EC0-301F-11D3-BF4B-00C04F79EFBC}") = "Client.Desktop", "Client\Client.Desktop\Client.Desktop.csproj", "{54A905C1-C1AF-44A1-A2AA-543EC019DF5D}"
EndProject
Project("{FAE04EC0-301F-11D3-BF4B-00C04F79EFBC}") = "Client.iOS", "Client\Client.iOS\Client.iOS.csproj", "{347607A0-FCC5-49CF-A861-61FAFDECCC59}"
EndProject
Global
	GlobalSection(SolutionConfigurationPlatforms) = preSolution
		Debug|Any CPU = Debug|Any CPU
		Release|Any CPU = Release|Any CPU
	EndGlobalSection
	GlobalSection(ProjectConfigurationPlatforms) = postSolution
		{BF81D6AE-B7F6-43ED-A4FD-85612F6C9876}.Debug|Any CPU.ActiveCfg = Debug|Any CPU
		{BF81D6AE-B7F6-43ED-A4FD-85612F6C9876}.Debug|Any CPU.Build.0 = Debug|Any CPU
		{BF81D6AE-B7F6-43ED-A4FD-85612F6C9876}.Release|Any CPU.ActiveCfg = Release|Any CPU
		{BF81D6AE-B7F6-43ED-A4FD-85612F6C9876}.Release|Any CPU.Build.0 = Release|Any CPU
		{5345C0B2-DE0B-4CA7-86E8-4CD1D033CD50}.Debug|Any CPU.ActiveCfg = Debug|Any CPU
		{5345C0B2-DE0B-4CA7-86E8-4CD1D033CD50}.Debug|Any CPU.Build.0 = Debug|Any CPU
		{5345C0B2-DE0B-4CA7-86E8-4CD1D033CD50}.Release|Any CPU.ActiveCfg = Release|Any CPU
		{5345C0B2-DE0B-4CA7-86E8-4CD1D033CD50}.Release|Any CPU.Build.0 = Release|Any CPU
		{462000C0-E8F1-48FC-812A-FD1252CBE081}.Debug|Any CPU.ActiveCfg = Debug|Any CPU
		{462000C0-E8F1-48FC-812A-FD1252CBE081}.Debug|Any CPU.Build.0 = Debug|Any CPU
		{462000C0-E8F1-48FC-812A-FD1252CBE081}.Release|Any CPU.ActiveCfg = Release|Any CPU
		{462000C0-E8F1-48FC-812A-FD1252CBE081}.Release|Any CPU.Build.0 = Release|Any CPU
		{54A905C1-C1AF-44A1-A2AA-543EC019DF5D}.Debug|Any CPU.ActiveCfg = Debug|Any CPU
		{54A905C1-C1AF-44A1-A2AA-543EC019DF5D}.Debug|Any CPU.Build.0 = Debug|Any CPU
		{54A905C1-C1AF-44A1-A2AA-543EC019DF5D}.Release|Any CPU.ActiveCfg = Release|Any CPU
		{54A905C1-C1AF-44A1-A2AA-543EC019DF5D}.Release|Any CPU.Build.0 = Release|Any CPU
		{347607A0-FCC5-49CF-A861-61FAFDECCC59}.Debug|Any CPU.ActiveCfg = Debug|Any CPU
		{347607A0-FCC5-49CF-A861-61FAFDECCC59}.Debug|Any CPU.Build.0 = Debug|Any CPU
		{347607A0-FCC5-49CF-A861-61FAFDECCC59}.Release|Any CPU.ActiveCfg = Release|Any CPU
		{347607A0-FCC5-49CF-A861-61FAFDECCC59}.Release|Any CPU.Build.0 = Release|Any CPU
	EndGlobalSection
EndGlobal
